// !$*UTF8*$!
{
	archiveVersion = 1;
	classes = {
	};
	objectVersion = 50;
	objects = {

/* Begin PBXBuildFile section */
		044A10A9236C6D7C0001C79B /* AppDelegate.swift in Sources */ = {isa = PBXBuildFile; fileRef = 044A10A8236C6D7C0001C79B /* AppDelegate.swift */; };
		044A10AB236C6D7C0001C79B /* SceneDelegate.swift in Sources */ = {isa = PBXBuildFile; fileRef = 044A10AA236C6D7C0001C79B /* SceneDelegate.swift */; };
		044A10B2236C6D7D0001C79B /* Assets.xcassets in Resources */ = {isa = PBXBuildFile; fileRef = 044A10B1236C6D7D0001C79B /* Assets.xcassets */; };
		044A10B5236C6D7D0001C79B /* LaunchScreen.storyboard in Resources */ = {isa = PBXBuildFile; fileRef = 044A10B3236C6D7D0001C79B /* LaunchScreen.storyboard */; };
		044A10C8236D7BC40001C79B /* StartSceneWorker.swift in Sources */ = {isa = PBXBuildFile; fileRef = 044A10C1236D7BC40001C79B /* StartSceneWorker.swift */; };
		044A10C9236D7BC40001C79B /* StartSceneRouter.swift in Sources */ = {isa = PBXBuildFile; fileRef = 044A10C2236D7BC40001C79B /* StartSceneRouter.swift */; };
		044A10CC236D7BC40001C79B /* StartSceneInteractor.swift in Sources */ = {isa = PBXBuildFile; fileRef = 044A10C5236D7BC40001C79B /* StartSceneInteractor.swift */; };
		044A10CD236D7BC40001C79B /* StartSceneConfigurator.swift in Sources */ = {isa = PBXBuildFile; fileRef = 044A10C6236D7BC40001C79B /* StartSceneConfigurator.swift */; };
		044A10D6236D7F290001C79B /* LoginScenePresenter.swift in Sources */ = {isa = PBXBuildFile; fileRef = 044A10CF236D7F290001C79B /* LoginScenePresenter.swift */; };
		044A10D7236D7F290001C79B /* LoginSceneWorker.swift in Sources */ = {isa = PBXBuildFile; fileRef = 044A10D0236D7F290001C79B /* LoginSceneWorker.swift */; };
		044A10D8236D7F290001C79B /* LoginSceneRouter.swift in Sources */ = {isa = PBXBuildFile; fileRef = 044A10D1236D7F290001C79B /* LoginSceneRouter.swift */; };
		044A10D9236D7F290001C79B /* LoginSceneModels.swift in Sources */ = {isa = PBXBuildFile; fileRef = 044A10D2236D7F290001C79B /* LoginSceneModels.swift */; };
		044A10DA236D7F290001C79B /* LoginSceneViewController.swift in Sources */ = {isa = PBXBuildFile; fileRef = 044A10D3236D7F290001C79B /* LoginSceneViewController.swift */; };
		044A10DB236D7F290001C79B /* LoginSceneInteractor.swift in Sources */ = {isa = PBXBuildFile; fileRef = 044A10D4236D7F290001C79B /* LoginSceneInteractor.swift */; };
		044A10DC236D7F290001C79B /* LoginSceneConfigurator.swift in Sources */ = {isa = PBXBuildFile; fileRef = 044A10D5236D7F290001C79B /* LoginSceneConfigurator.swift */; };
		044A10E4236D7F820001C79B /* ObserverScenePresenter.swift in Sources */ = {isa = PBXBuildFile; fileRef = 044A10DD236D7F820001C79B /* ObserverScenePresenter.swift */; };
		044A10E5236D7F820001C79B /* ObserverSceneWorker.swift in Sources */ = {isa = PBXBuildFile; fileRef = 044A10DE236D7F820001C79B /* ObserverSceneWorker.swift */; };
		044A10E6236D7F820001C79B /* ObserverSceneRouter.swift in Sources */ = {isa = PBXBuildFile; fileRef = 044A10DF236D7F820001C79B /* ObserverSceneRouter.swift */; };
		044A10E7236D7F820001C79B /* ObserverSceneModels.swift in Sources */ = {isa = PBXBuildFile; fileRef = 044A10E0236D7F820001C79B /* ObserverSceneModels.swift */; };
		044A10E8236D7F820001C79B /* ObserverSceneViewController.swift in Sources */ = {isa = PBXBuildFile; fileRef = 044A10E1236D7F820001C79B /* ObserverSceneViewController.swift */; };
		044A10E9236D7F820001C79B /* ObserverSceneInteractor.swift in Sources */ = {isa = PBXBuildFile; fileRef = 044A10E2236D7F820001C79B /* ObserverSceneInteractor.swift */; };
		044A10EA236D7F820001C79B /* ObserverSceneConfigurator.swift in Sources */ = {isa = PBXBuildFile; fileRef = 044A10E3236D7F820001C79B /* ObserverSceneConfigurator.swift */; };
		044A10ED236D87070001C79B /* UserDefaults+adds.swift in Sources */ = {isa = PBXBuildFile; fileRef = 044A10EC236D87070001C79B /* UserDefaults+adds.swift */; };
		044A10F3236DDDF20001C79B /* UIViewController+adds.swift in Sources */ = {isa = PBXBuildFile; fileRef = 044A10F2236DDDF20001C79B /* UIViewController+adds.swift */; };
		044A10F5236DE1850001C79B /* UINavigationController+adds.swift in Sources */ = {isa = PBXBuildFile; fileRef = 044A10F4236DE1850001C79B /* UINavigationController+adds.swift */; };
		04918349236DFA4500A2EF2E /* LoginSceneViewController.xib in Resources */ = {isa = PBXBuildFile; fileRef = 04918347236DFA4500A2EF2E /* LoginSceneViewController.xib */; };
		04F4FE51236DF273002CA605 /* ObserverSceneViewController.xib in Resources */ = {isa = PBXBuildFile; fileRef = 04F4FE4F236DF273002CA605 /* ObserverSceneViewController.xib */; };
/* End PBXBuildFile section */

/* Begin PBXFileReference section */
		044A10A5236C6D7C0001C79B /* CombineApp1.app */ = {isa = PBXFileReference; explicitFileType = wrapper.application; includeInIndex = 0; path = CombineApp1.app; sourceTree = BUILT_PRODUCTS_DIR; };
		044A10A8236C6D7C0001C79B /* AppDelegate.swift */ = {isa = PBXFileReference; lastKnownFileType = sourcecode.swift; path = AppDelegate.swift; sourceTree = "<group>"; };
		044A10AA236C6D7C0001C79B /* SceneDelegate.swift */ = {isa = PBXFileReference; lastKnownFileType = sourcecode.swift; path = SceneDelegate.swift; sourceTree = "<group>"; };
		044A10B1236C6D7D0001C79B /* Assets.xcassets */ = {isa = PBXFileReference; lastKnownFileType = folder.assetcatalog; path = Assets.xcassets; sourceTree = "<group>"; };
		044A10B4236C6D7D0001C79B /* Base */ = {isa = PBXFileReference; lastKnownFileType = file.storyboard; name = Base; path = Base.lproj/LaunchScreen.storyboard; sourceTree = "<group>"; };
		044A10B6236C6D7D0001C79B /* Info.plist */ = {isa = PBXFileReference; lastKnownFileType = text.plist.xml; path = Info.plist; sourceTree = "<group>"; };
		044A10C1236D7BC40001C79B /* StartSceneWorker.swift */ = {isa = PBXFileReference; lastKnownFileType = sourcecode.swift; path = StartSceneWorker.swift; sourceTree = "<group>"; };
		044A10C2236D7BC40001C79B /* StartSceneRouter.swift */ = {isa = PBXFileReference; lastKnownFileType = sourcecode.swift; path = StartSceneRouter.swift; sourceTree = "<group>"; };
		044A10C5236D7BC40001C79B /* StartSceneInteractor.swift */ = {isa = PBXFileReference; lastKnownFileType = sourcecode.swift; path = StartSceneInteractor.swift; sourceTree = "<group>"; };
		044A10C6236D7BC40001C79B /* StartSceneConfigurator.swift */ = {isa = PBXFileReference; lastKnownFileType = sourcecode.swift; path = StartSceneConfigurator.swift; sourceTree = "<group>"; };
		044A10CF236D7F290001C79B /* LoginScenePresenter.swift */ = {isa = PBXFileReference; lastKnownFileType = sourcecode.swift; path = LoginScenePresenter.swift; sourceTree = "<group>"; };
		044A10D0236D7F290001C79B /* LoginSceneWorker.swift */ = {isa = PBXFileReference; lastKnownFileType = sourcecode.swift; path = LoginSceneWorker.swift; sourceTree = "<group>"; };
		044A10D1236D7F290001C79B /* LoginSceneRouter.swift */ = {isa = PBXFileReference; lastKnownFileType = sourcecode.swift; path = LoginSceneRouter.swift; sourceTree = "<group>"; };
		044A10D2236D7F290001C79B /* LoginSceneModels.swift */ = {isa = PBXFileReference; lastKnownFileType = sourcecode.swift; path = LoginSceneModels.swift; sourceTree = "<group>"; };
		044A10D3236D7F290001C79B /* LoginSceneViewController.swift */ = {isa = PBXFileReference; lastKnownFileType = sourcecode.swift; path = LoginSceneViewController.swift; sourceTree = "<group>"; };
		044A10D4236D7F290001C79B /* LoginSceneInteractor.swift */ = {isa = PBXFileReference; lastKnownFileType = sourcecode.swift; path = LoginSceneInteractor.swift; sourceTree = "<group>"; };
		044A10D5236D7F290001C79B /* LoginSceneConfigurator.swift */ = {isa = PBXFileReference; lastKnownFileType = sourcecode.swift; path = LoginSceneConfigurator.swift; sourceTree = "<group>"; };
		044A10DD236D7F820001C79B /* ObserverScenePresenter.swift */ = {isa = PBXFileReference; lastKnownFileType = sourcecode.swift; path = ObserverScenePresenter.swift; sourceTree = "<group>"; };
		044A10DE236D7F820001C79B /* ObserverSceneWorker.swift */ = {isa = PBXFileReference; lastKnownFileType = sourcecode.swift; path = ObserverSceneWorker.swift; sourceTree = "<group>"; };
		044A10DF236D7F820001C79B /* ObserverSceneRouter.swift */ = {isa = PBXFileReference; lastKnownFileType = sourcecode.swift; path = ObserverSceneRouter.swift; sourceTree = "<group>"; };
		044A10E0236D7F820001C79B /* ObserverSceneModels.swift */ = {isa = PBXFileReference; lastKnownFileType = sourcecode.swift; path = ObserverSceneModels.swift; sourceTree = "<group>"; };
		044A10E1236D7F820001C79B /* ObserverSceneViewController.swift */ = {isa = PBXFileReference; lastKnownFileType = sourcecode.swift; path = ObserverSceneViewController.swift; sourceTree = "<group>"; };
		044A10E2236D7F820001C79B /* ObserverSceneInteractor.swift */ = {isa = PBXFileReference; lastKnownFileType = sourcecode.swift; path = ObserverSceneInteractor.swift; sourceTree = "<group>"; };
		044A10E3236D7F820001C79B /* ObserverSceneConfigurator.swift */ = {isa = PBXFileReference; lastKnownFileType = sourcecode.swift; path = ObserverSceneConfigurator.swift; sourceTree = "<group>"; };
		044A10EC236D87070001C79B /* UserDefaults+adds.swift */ = {isa = PBXFileReference; lastKnownFileType = sourcecode.swift; path = "UserDefaults+adds.swift"; sourceTree = "<group>"; };
		044A10F2236DDDF20001C79B /* UIViewController+adds.swift */ = {isa = PBXFileReference; lastKnownFileType = sourcecode.swift; path = "UIViewController+adds.swift"; sourceTree = "<group>"; };
		044A10F4236DE1850001C79B /* UINavigationController+adds.swift */ = {isa = PBXFileReference; lastKnownFileType = sourcecode.swift; path = "UINavigationController+adds.swift"; sourceTree = "<group>"; };
		04918347236DFA4500A2EF2E /* LoginSceneViewController.xib */ = {isa = PBXFileReference; lastKnownFileType = file.xib; path = LoginSceneViewController.xib; sourceTree = "<group>"; };
		04F4FE4F236DF273002CA605 /* ObserverSceneViewController.xib */ = {isa = PBXFileReference; lastKnownFileType = file.xib; path = ObserverSceneViewController.xib; sourceTree = "<group>"; };
/* End PBXFileReference section */

/* Begin PBXFrameworksBuildPhase section */
		044A10A2236C6D7C0001C79B /* Frameworks */ = {
			isa = PBXFrameworksBuildPhase;
			buildActionMask = 2147483647;
			files = (
			);
			runOnlyForDeploymentPostprocessing = 0;
		};
/* End PBXFrameworksBuildPhase section */

/* Begin PBXGroup section */
		044A109C236C6D7B0001C79B = {
			isa = PBXGroup;
			children = (
				044A10A7236C6D7C0001C79B /* CombineApp1 */,
				044A10A6236C6D7C0001C79B /* Products */,
			);
			sourceTree = "<group>";
		};
		044A10A6236C6D7C0001C79B /* Products */ = {
			isa = PBXGroup;
			children = (
				044A10A5236C6D7C0001C79B /* CombineApp1.app */,
			);
			name = Products;
			sourceTree = "<group>";
		};
		044A10A7236C6D7C0001C79B /* CombineApp1 */ = {
			isa = PBXGroup;
			children = (
				044A10EB236D86F30001C79B /* Extensions */,
				044A10BC236D7B850001C79B /* Scenes */,
				044A10A8236C6D7C0001C79B /* AppDelegate.swift */,
				044A10AA236C6D7C0001C79B /* SceneDelegate.swift */,
				044A10B1236C6D7D0001C79B /* Assets.xcassets */,
				044A10B3236C6D7D0001C79B /* LaunchScreen.storyboard */,
				044A10B6236C6D7D0001C79B /* Info.plist */,
			);
			path = CombineApp1;
			sourceTree = "<group>";
		};
		044A10BC236D7B850001C79B /* Scenes */ = {
			isa = PBXGroup;
			children = (
				044A10BF236D7BAB0001C79B /* StartScene */,
				044A10BE236D7B990001C79B /* ObserverScene */,
				044A10BD236D7B8F0001C79B /* LoginScene */,
			);
			path = Scenes;
			sourceTree = "<group>";
		};
		044A10BD236D7B8F0001C79B /* LoginScene */ = {
			isa = PBXGroup;
			children = (
				044A10CF236D7F290001C79B /* LoginScenePresenter.swift */,
				044A10D0236D7F290001C79B /* LoginSceneWorker.swift */,
				044A10D1236D7F290001C79B /* LoginSceneRouter.swift */,
				044A10D2236D7F290001C79B /* LoginSceneModels.swift */,
				044A10D3236D7F290001C79B /* LoginSceneViewController.swift */,
				044A10D4236D7F290001C79B /* LoginSceneInteractor.swift */,
				044A10D5236D7F290001C79B /* LoginSceneConfigurator.swift */,
				04918347236DFA4500A2EF2E /* LoginSceneViewController.xib */,
			);
			path = LoginScene;
			sourceTree = "<group>";
		};
		044A10BE236D7B990001C79B /* ObserverScene */ = {
			isa = PBXGroup;
			children = (
				044A10DD236D7F820001C79B /* ObserverScenePresenter.swift */,
				044A10DE236D7F820001C79B /* ObserverSceneWorker.swift */,
				044A10DF236D7F820001C79B /* ObserverSceneRouter.swift */,
				044A10E0236D7F820001C79B /* ObserverSceneModels.swift */,
				044A10E1236D7F820001C79B /* ObserverSceneViewController.swift */,
				044A10E2236D7F820001C79B /* ObserverSceneInteractor.swift */,
				044A10E3236D7F820001C79B /* ObserverSceneConfigurator.swift */,
				04F4FE4F236DF273002CA605 /* ObserverSceneViewController.xib */,
			);
			path = ObserverScene;
			sourceTree = "<group>";
		};
		044A10BF236D7BAB0001C79B /* StartScene */ = {
			isa = PBXGroup;
			children = (
				044A10C1236D7BC40001C79B /* StartSceneWorker.swift */,
				044A10C2236D7BC40001C79B /* StartSceneRouter.swift */,
				044A10C5236D7BC40001C79B /* StartSceneInteractor.swift */,
				044A10C6236D7BC40001C79B /* StartSceneConfigurator.swift */,
			);
			path = StartScene;
			sourceTree = "<group>";
		};
		044A10EB236D86F30001C79B /* Extensions */ = {
			isa = PBXGroup;
			children = (
				044A10EC236D87070001C79B /* UserDefaults+adds.swift */,
				044A10F2236DDDF20001C79B /* UIViewController+adds.swift */,
				044A10F4236DE1850001C79B /* UINavigationController+adds.swift */,
			);
			path = Extensions;
			sourceTree = "<group>";
		};
/* End PBXGroup section */

/* Begin PBXNativeTarget section */
		044A10A4236C6D7C0001C79B /* CombineApp1 */ = {
			isa = PBXNativeTarget;
			buildConfigurationList = 044A10B9236C6D7D0001C79B /* Build configuration list for PBXNativeTarget "CombineApp1" */;
			buildPhases = (
				044A10A1236C6D7C0001C79B /* Sources */,
				044A10A2236C6D7C0001C79B /* Frameworks */,
				044A10A3236C6D7C0001C79B /* Resources */,
			);
			buildRules = (
			);
			dependencies = (
			);
			name = CombineApp1;
			productName = CombineApp1;
			productReference = 044A10A5236C6D7C0001C79B /* CombineApp1.app */;
			productType = "com.apple.product-type.application";
		};
/* End PBXNativeTarget section */

/* Begin PBXProject section */
		044A109D236C6D7B0001C79B /* Project object */ = {
			isa = PBXProject;
			attributes = {
				LastSwiftUpdateCheck = 1120;
				LastUpgradeCheck = 1120;
				ORGANIZATIONNAME = Lammax;
				TargetAttributes = {
					044A10A4236C6D7C0001C79B = {
						CreatedOnToolsVersion = 11.2;
					};
				};
			};
			buildConfigurationList = 044A10A0236C6D7B0001C79B /* Build configuration list for PBXProject "CombineApp1" */;
			compatibilityVersion = "Xcode 9.3";
			developmentRegion = en;
			hasScannedForEncodings = 0;
			knownRegions = (
				en,
				Base,
			);
			mainGroup = 044A109C236C6D7B0001C79B;
			productRefGroup = 044A10A6236C6D7C0001C79B /* Products */;
			projectDirPath = "";
			projectRoot = "";
			targets = (
				044A10A4236C6D7C0001C79B /* CombineApp1 */,
			);
		};
/* End PBXProject section */

/* Begin PBXResourcesBuildPhase section */
		044A10A3236C6D7C0001C79B /* Resources */ = {
			isa = PBXResourcesBuildPhase;
			buildActionMask = 2147483647;
			files = (
				044A10B5236C6D7D0001C79B /* LaunchScreen.storyboard in Resources */,
				04F4FE51236DF273002CA605 /* ObserverSceneViewController.xib in Resources */,
				044A10B2236C6D7D0001C79B /* Assets.xcassets in Resources */,
				04918349236DFA4500A2EF2E /* LoginSceneViewController.xib in Resources */,
			);
			runOnlyForDeploymentPostprocessing = 0;
		};
/* End PBXResourcesBuildPhase section */

/* Begin PBXSourcesBuildPhase section */
		044A10A1236C6D7C0001C79B /* Sources */ = {
			isa = PBXSourcesBuildPhase;
			buildActionMask = 2147483647;
			files = (
				044A10E5236D7F820001C79B /* ObserverSceneWorker.swift in Sources */,
				044A10F5236DE1850001C79B /* UINavigationController+adds.swift in Sources */,
				044A10DC236D7F290001C79B /* LoginSceneConfigurator.swift in Sources */,
				044A10ED236D87070001C79B /* UserDefaults+adds.swift in Sources */,
				044A10D6236D7F290001C79B /* LoginScenePresenter.swift in Sources */,
				044A10D8236D7F290001C79B /* LoginSceneRouter.swift in Sources */,
				044A10C9236D7BC40001C79B /* StartSceneRouter.swift in Sources */,
				044A10D7236D7F290001C79B /* LoginSceneWorker.swift in Sources */,
				044A10E4236D7F820001C79B /* ObserverScenePresenter.swift in Sources */,
				044A10D9236D7F290001C79B /* LoginSceneModels.swift in Sources */,
				044A10E9236D7F820001C79B /* ObserverSceneInteractor.swift in Sources */,
				044A10E7236D7F820001C79B /* ObserverSceneModels.swift in Sources */,
				044A10C8236D7BC40001C79B /* StartSceneWorker.swift in Sources */,
				044A10CD236D7BC40001C79B /* StartSceneConfigurator.swift in Sources */,
				044A10DB236D7F290001C79B /* LoginSceneInteractor.swift in Sources */,
				044A10DA236D7F290001C79B /* LoginSceneViewController.swift in Sources */,
				044A10CC236D7BC40001C79B /* StartSceneInteractor.swift in Sources */,
				044A10F3236DDDF20001C79B /* UIViewController+adds.swift in Sources */,
				044A10E6236D7F820001C79B /* ObserverSceneRouter.swift in Sources */,
				044A10EA236D7F820001C79B /* ObserverSceneConfigurator.swift in Sources */,
				044A10E8236D7F820001C79B /* ObserverSceneViewController.swift in Sources */,
				044A10A9236C6D7C0001C79B /* AppDelegate.swift in Sources */,
				044A10AB236C6D7C0001C79B /* SceneDelegate.swift in Sources */,
			);
			runOnlyForDeploymentPostprocessing = 0;
		};
/* End PBXSourcesBuildPhase section */

/* Begin PBXVariantGroup section */
		044A10B3236C6D7D0001C79B /* LaunchScreen.storyboard */ = {
			isa = PBXVariantGroup;
			children = (
				044A10B4236C6D7D0001C79B /* Base */,
			);
			name = LaunchScreen.storyboard;
			sourceTree = "<group>";
		};
/* End PBXVariantGroup section */

/* Begin XCBuildConfiguration section */
		044A10B7236C6D7D0001C79B /* Debug */ = {
			isa = XCBuildConfiguration;
			buildSettings = {
				ALWAYS_SEARCH_USER_PATHS = NO;
				CLANG_ANALYZER_NONNULL = YES;
				CLANG_ANALYZER_NUMBER_OBJECT_CONVERSION = YES_AGGRESSIVE;
				CLANG_CXX_LANGUAGE_STANDARD = "gnu++14";
				CLANG_CXX_LIBRARY = "libc++";
				CLANG_ENABLE_MODULES = YES;
				CLANG_ENABLE_OBJC_ARC = YES;
				CLANG_ENABLE_OBJC_WEAK = YES;
				CLANG_WARN_BLOCK_CAPTURE_AUTORELEASING = YES;
				CLANG_WARN_BOOL_CONVERSION = YES;
				CLANG_WARN_COMMA = YES;
				CLANG_WARN_CONSTANT_CONVERSION = YES;
				CLANG_WARN_DEPRECATED_OBJC_IMPLEMENTATIONS = YES;
				CLANG_WARN_DIRECT_OBJC_ISA_USAGE = YES_ERROR;
				CLANG_WARN_DOCUMENTATION_COMMENTS = YES;
				CLANG_WARN_EMPTY_BODY = YES;
				CLANG_WARN_ENUM_CONVERSION = YES;
				CLANG_WARN_INFINITE_RECURSION = YES;
				CLANG_WARN_INT_CONVERSION = YES;
				CLANG_WARN_NON_LITERAL_NULL_CONVERSION = YES;
				CLANG_WARN_OBJC_IMPLICIT_RETAIN_SELF = YES;
				CLANG_WARN_OBJC_LITERAL_CONVERSION = YES;
				CLANG_WARN_OBJC_ROOT_CLASS = YES_ERROR;
				CLANG_WARN_RANGE_LOOP_ANALYSIS = YES;
				CLANG_WARN_STRICT_PROTOTYPES = YES;
				CLANG_WARN_SUSPICIOUS_MOVE = YES;
				CLANG_WARN_UNGUARDED_AVAILABILITY = YES_AGGRESSIVE;
				CLANG_WARN_UNREACHABLE_CODE = YES;
				CLANG_WARN__DUPLICATE_METHOD_MATCH = YES;
				COPY_PHASE_STRIP = NO;
				DEBUG_INFORMATION_FORMAT = dwarf;
				ENABLE_STRICT_OBJC_MSGSEND = YES;
				ENABLE_TESTABILITY = YES;
				GCC_C_LANGUAGE_STANDARD = gnu11;
				GCC_DYNAMIC_NO_PIC = NO;
				GCC_NO_COMMON_BLOCKS = YES;
				GCC_OPTIMIZATION_LEVEL = 0;
				GCC_PREPROCESSOR_DEFINITIONS = (
					"DEBUG=1",
					"$(inherited)",
				);
				GCC_WARN_64_TO_32_BIT_CONVERSION = YES;
				GCC_WARN_ABOUT_RETURN_TYPE = YES_ERROR;
				GCC_WARN_UNDECLARED_SELECTOR = YES;
				GCC_WARN_UNINITIALIZED_AUTOS = YES_AGGRESSIVE;
				GCC_WARN_UNUSED_FUNCTION = YES;
				GCC_WARN_UNUSED_VARIABLE = YES;
				IPHONEOS_DEPLOYMENT_TARGET = 13.2;
				MTL_ENABLE_DEBUG_INFO = INCLUDE_SOURCE;
				MTL_FAST_MATH = YES;
				ONLY_ACTIVE_ARCH = YES;
				SDKROOT = iphoneos;
				SWIFT_ACTIVE_COMPILATION_CONDITIONS = DEBUG;
				SWIFT_OPTIMIZATION_LEVEL = "-Onone";
			};
			name = Debug;
		};
		044A10B8236C6D7D0001C79B /* Release */ = {
			isa = XCBuildConfiguration;
			buildSettings = {
				ALWAYS_SEARCH_USER_PATHS = NO;
				CLANG_ANALYZER_NONNULL = YES;
				CLANG_ANALYZER_NUMBER_OBJECT_CONVERSION = YES_AGGRESSIVE;
				CLANG_CXX_LANGUAGE_STANDARD = "gnu++14";
				CLANG_CXX_LIBRARY = "libc++";
				CLANG_ENABLE_MODULES = YES;
				CLANG_ENABLE_OBJC_ARC = YES;
				CLANG_ENABLE_OBJC_WEAK = YES;
				CLANG_WARN_BLOCK_CAPTURE_AUTORELEASING = YES;
				CLANG_WARN_BOOL_CONVERSION = YES;
				CLANG_WARN_COMMA = YES;
				CLANG_WARN_CONSTANT_CONVERSION = YES;
				CLANG_WARN_DEPRECATED_OBJC_IMPLEMENTATIONS = YES;
				CLANG_WARN_DIRECT_OBJC_ISA_USAGE = YES_ERROR;
				CLANG_WARN_DOCUMENTATION_COMMENTS = YES;
				CLANG_WARN_EMPTY_BODY = YES;
				CLANG_WARN_ENUM_CONVERSION = YES;
				CLANG_WARN_INFINITE_RECURSION = YES;
				CLANG_WARN_INT_CONVERSION = YES;
				CLANG_WARN_NON_LITERAL_NULL_CONVERSION = YES;
				CLANG_WARN_OBJC_IMPLICIT_RETAIN_SELF = YES;
				CLANG_WARN_OBJC_LITERAL_CONVERSION = YES;
				CLANG_WARN_OBJC_ROOT_CLASS = YES_ERROR;
				CLANG_WARN_RANGE_LOOP_ANALYSIS = YES;
				CLANG_WARN_STRICT_PROTOTYPES = YES;
				CLANG_WARN_SUSPICIOUS_MOVE = YES;
				CLANG_WARN_UNGUARDED_AVAILABILITY = YES_AGGRESSIVE;
				CLANG_WARN_UNREACHABLE_CODE = YES;
				CLANG_WARN__DUPLICATE_METHOD_MATCH = YES;
				COPY_PHASE_STRIP = NO;
				DEBUG_INFORMATION_FORMAT = "dwarf-with-dsym";
				ENABLE_NS_ASSERTIONS = NO;
				ENABLE_STRICT_OBJC_MSGSEND = YES;
				GCC_C_LANGUAGE_STANDARD = gnu11;
				GCC_NO_COMMON_BLOCKS = YES;
				GCC_WARN_64_TO_32_BIT_CONVERSION = YES;
				GCC_WARN_ABOUT_RETURN_TYPE = YES_ERROR;
				GCC_WARN_UNDECLARED_SELECTOR = YES;
				GCC_WARN_UNINITIALIZED_AUTOS = YES_AGGRESSIVE;
				GCC_WARN_UNUSED_FUNCTION = YES;
				GCC_WARN_UNUSED_VARIABLE = YES;
				IPHONEOS_DEPLOYMENT_TARGET = 13.2;
				MTL_ENABLE_DEBUG_INFO = NO;
				MTL_FAST_MATH = YES;
				SDKROOT = iphoneos;
				SWIFT_COMPILATION_MODE = wholemodule;
				SWIFT_OPTIMIZATION_LEVEL = "-O";
				VALIDATE_PRODUCT = YES;
			};
			name = Release;
		};
		044A10BA236C6D7D0001C79B /* Debug */ = {
			isa = XCBuildConfiguration;
			buildSettings = {
				ASSETCATALOG_COMPILER_APPICON_NAME = AppIcon;
				CODE_SIGN_STYLE = Automatic;
				DEVELOPMENT_TEAM = Z8JVJD6M2F;
				INFOPLIST_FILE = CombineApp1/Info.plist;
				LD_RUNPATH_SEARCH_PATHS = (
					"$(inherited)",
					"@executable_path/Frameworks",
				);
				PRODUCT_BUNDLE_IDENTIFIER = com.lammax.ios.study.combine.combineapp12;
				PRODUCT_NAME = "$(TARGET_NAME)";
				SWIFT_VERSION = 5.0;
				TARGETED_DEVICE_FAMILY = "1,2";
			};
			name = Debug;
		};
		044A10BB236C6D7D0001C79B /* Release */ = {
			isa = XCBuildConfiguration;
			buildSettings = {
				ASSETCATALOG_COMPILER_APPICON_NAME = AppIcon;
				CODE_SIGN_STYLE = Automatic;
				DEVELOPMENT_TEAM = Z8JVJD6M2F;
				INFOPLIST_FILE = CombineApp1/Info.plist;
				LD_RUNPATH_SEARCH_PATHS = (
					"$(inherited)",
					"@executable_path/Frameworks",
				);
				PRODUCT_BUNDLE_IDENTIFIER = com.lammax.ios.study.combine.combineapp12;
				PRODUCT_NAME = "$(TARGET_NAME)";
				SWIFT_VERSION = 5.0;
				TARGETED_DEVICE_FAMILY = "1,2";
			};
			name = Release;
		};
/* End XCBuildConfiguration section */

/* Begin XCConfigurationList section */
		044A10A0236C6D7B0001C79B /* Build configuration list for PBXProject "CombineApp1" */ = {
			isa = XCConfigurationList;
			buildConfigurations = (
				044A10B7236C6D7D0001C79B /* Debug */,
				044A10B8236C6D7D0001C79B /* Release */,
			);
			defaultConfigurationIsVisible = 0;
			defaultConfigurationName = Release;
		};
		044A10B9236C6D7D0001C79B /* Build configuration list for PBXNativeTarget "CombineApp1" */ = {
			isa = XCConfigurationList;
			buildConfigurations = (
				044A10BA236C6D7D0001C79B /* Debug */,
				044A10BB236C6D7D0001C79B /* Release */,
			);
			defaultConfigurationIsVisible = 0;
			defaultConfigurationName = Release;
		};
/* End XCConfigurationList section */
	};
	rootObject = 044A109D236C6D7B0001C79B /* Project object */;
}
